
Microsoft Visual Studio Solution File, Format Version 12.00
# Visual Studio 14
VisualStudioVersion = 14.0.25420.1
MinimumVisualStudioVersion = 10.0.40219.1
Project("{FAE04EC0-301F-11D3-BF4B-00C04F79EFBC}") = "Hello", "Hello\Hello.csproj", "{FA54CC97-3F79-4C55-9D88-D85A18E1BB54}"
EndProject
Project("{FAE04EC0-301F-11D3-BF4B-00C04F79EFBC}") = "Grades", "Grades\Grades.csproj", "{B8A6E14D-97A6-4B16-B0E4-2FC7A7096DF9}"
EndProject
Project("{FAE04EC0-301F-11D3-BF4B-00C04F79EFBC}") = "Grades.Test", "Grades.Test\Grades.Test.csproj", "{63DDD1C5-178E-496D-930D-918315758CB5}"
EndProject
Global
	GlobalSection(SolutionConfigurationPlatforms) = preSolution
		Debug|Any CPU = Debug|Any CPU
		Release|Any CPU = Release|Any CPU
	EndGlobalSection
	GlobalSection(ProjectConfigurationPlatforms) = postSolution
		{FA54CC97-3F79-4C55-9D88-D85A18E1BB54}.Debug|Any CPU.ActiveCfg = Debug|Any CPU
		{FA54CC97-3F79-4C55-9D88-D85A18E1BB54}.Debug|Any CPU.Build.0 = Debug|Any CPU
		{FA54CC97-3F79-4C55-9D88-D85A18E1BB54}.Release|Any CPU.ActiveCfg = Release|Any CPU
		{FA54CC97-3F79-4C55-9D88-D85A18E1BB54}.Release|Any CPU.Build.0 = Release|Any CPU
		{B8A6E14D-97A6-4B16-B0E4-2FC7A7096DF9}.Debug|Any CPU.ActiveCfg = Debug|Any CPU
		{B8A6E14D-97A6-4B16-B0E4-2FC7A7096DF9}.Debug|Any CPU.Build.0 = Debug|Any CPU
		{B8A6E14D-97A6-4B16-B0E4-2FC7A7096DF9}.Release|Any CPU.ActiveCfg = Release|Any CPU
		{B8A6E14D-97A6-4B16-B0E4-2FC7A7096DF9}.Release|Any CPU.Build.0 = Release|Any CPU
		{63DDD1C5-178E-496D-930D-918315758CB5}.Debug|Any CPU.ActiveCfg = Debug|Any CPU
		{63DDD1C5-178E-496D-930D-918315758CB5}.Debug|Any CPU.Build.0 = Debug|Any CPU
		{63DDD1C5-178E-496D-930D-918315758CB5}.Release|Any CPU.ActiveCfg = Release|Any CPU
		{63DDD1C5-178E-496D-930D-918315758CB5}.Release|Any CPU.Build.0 = Release|Any CPU
	EndGlobalSection
	GlobalSection(SolutionProperties) = preSolution
		HideSolutionNode = FALSE
	EndGlobalSection
EndGlobal
